
Microsoft Visual Studio Solution File, Format Version 12.00
# Visual Studio Version 16
VisualStudioVersion = 16.0.30517.126
MinimumVisualStudioVersion = 10.0.40219.1
Project("{9A19103F-16F7-4668-BE54-9A1E7A4F7556}") = "MindboxTestApp", "MindboxTestApp\MindboxTestApp.csproj", "{C0089023-3081-41AA-BC09-7C34BC353765}"
EndProject
Project("{9A19103F-16F7-4668-BE54-9A1E7A4F7556}") = "MindboxTestApp.Core", "MindboxTestApp.Core\MindboxTestApp.Core.csproj", "{B9210527-9F88-474F-A382-47CCD3121A4E}"
EndProject
Project("{2150E333-8FDC-42A3-9474-1A3956D46DE8}") = "Tests", "Tests", "{0AA90CF2-0127-4DE9-A8A5-0B2421CF680B}"
EndProject
Project("{9A19103F-16F7-4668-BE54-9A1E7A4F7556}") = "MindboxTestApp.Core.Tests", "Tests\MindboxTestApp.Core.Tests\MindboxTestApp.Core.Tests.csproj", "{32BF2FAD-F44E-4781-8A4C-87100E19AC45}"
EndProject
Project("{2150E333-8FDC-42A3-9474-1A3956D46DE8}") = "Solution Items", "Solution Items", "{71AA5393-0637-48BC-BE6C-B86ED6C679F7}"
	ProjectSection(SolutionItems) = preProject
		README.md = README.md
	EndProjectSection
EndProject
Global
	GlobalSection(SolutionConfigurationPlatforms) = preSolution
		Debug|Any CPU = Debug|Any CPU
		Release|Any CPU = Release|Any CPU
	EndGlobalSection
	GlobalSection(ProjectConfigurationPlatforms) = postSolution
		{C0089023-3081-41AA-BC09-7C34BC353765}.Debug|Any CPU.ActiveCfg = Debug|Any CPU
		{C0089023-3081-41AA-BC09-7C34BC353765}.Debug|Any CPU.Build.0 = Debug|Any CPU
		{C0089023-3081-41AA-BC09-7C34BC353765}.Release|Any CPU.ActiveCfg = Release|Any CPU
		{C0089023-3081-41AA-BC09-7C34BC353765}.Release|Any CPU.Build.0 = Release|Any CPU
		{B9210527-9F88-474F-A382-47CCD3121A4E}.Debug|Any CPU.ActiveCfg = Debug|Any CPU
		{B9210527-9F88-474F-A382-47CCD3121A4E}.Debug|Any CPU.Build.0 = Debug|Any CPU
		{B9210527-9F88-474F-A382-47CCD3121A4E}.Release|Any CPU.ActiveCfg = Release|Any CPU
		{B9210527-9F88-474F-A382-47CCD3121A4E}.Release|Any CPU.Build.0 = Release|Any CPU
		{32BF2FAD-F44E-4781-8A4C-87100E19AC45}.Debug|Any CPU.ActiveCfg = Debug|Any CPU
		{32BF2FAD-F44E-4781-8A4C-87100E19AC45}.Debug|Any CPU.Build.0 = Debug|Any CPU
		{32BF2FAD-F44E-4781-8A4C-87100E19AC45}.Release|Any CPU.ActiveCfg = Release|Any CPU
		{32BF2FAD-F44E-4781-8A4C-87100E19AC45}.Release|Any CPU.Build.0 = Release|Any CPU
	EndGlobalSection
	GlobalSection(SolutionProperties) = preSolution
		HideSolutionNode = FALSE
	EndGlobalSection
	GlobalSection(NestedProjects) = preSolution
		{32BF2FAD-F44E-4781-8A4C-87100E19AC45} = {0AA90CF2-0127-4DE9-A8A5-0B2421CF680B}
	EndGlobalSection
	GlobalSection(ExtensibilityGlobals) = postSolution
		SolutionGuid = {EEEED51E-3B73-480D-A5AF-5DCEEDDF071B}
	EndGlobalSection
EndGlobal
